// !$*UTF8*$!
{
	archiveVersion = 1;
	classes = {
	};
	objectVersion = 50;
	objects = {

/* Begin PBXBuildFile section */
		1D61E087207B415C0039B32A /* AppDelegate.swift in Sources */ = {isa = PBXBuildFile; fileRef = 1D61E086207B415C0039B32A /* AppDelegate.swift */; };
		1D61E089207B415C0039B32A /* ViewController.swift in Sources */ = {isa = PBXBuildFile; fileRef = 1D61E088207B415C0039B32A /* ViewController.swift */; };
		1D61E08C207B415C0039B32A /* Main.storyboard in Resources */ = {isa = PBXBuildFile; fileRef = 1D61E08A207B415C0039B32A /* Main.storyboard */; };
		1D61E08E207B415D0039B32A /* Assets.xcassets in Resources */ = {isa = PBXBuildFile; fileRef = 1D61E08D207B415D0039B32A /* Assets.xcassets */; };
		1D61E091207B415D0039B32A /* LaunchScreen.storyboard in Resources */ = {isa = PBXBuildFile; fileRef = 1D61E08F207B415D0039B32A /* LaunchScreen.storyboard */; };
		1D61E09C207B415D0039B32A /* DYSwiftPrivatePodTestDemoTests.swift in Sources */ = {isa = PBXBuildFile; fileRef = 1D61E09B207B415D0039B32A /* DYSwiftPrivatePodTestDemoTests.swift */; };
		1D61E0A8207B41810039B32A /* DYSwiftButton.swift in Sources */ = {isa = PBXBuildFile; fileRef = 1D61E0A7207B41810039B32A /* DYSwiftButton.swift */; };
		1D61E0AD207B42690039B32A /* README.md in Resources */ = {isa = PBXBuildFile; fileRef = 1D61E0AA207B42690039B32A /* README.md */; };
		1D61E0AE207B42690039B32A /* DYSwiftPrivatePodTest.podspec in Resources */ = {isa = PBXBuildFile; fileRef = 1D61E0AB207B42690039B32A /* DYSwiftPrivatePodTest.podspec */; };
		1D61E0AF207B42690039B32A /* LICENSE in Resources */ = {isa = PBXBuildFile; fileRef = 1D61E0AC207B42690039B32A /* LICENSE */; };
/* End PBXBuildFile section */

/* Begin PBXContainerItemProxy section */
		1D61E098207B415D0039B32A /* PBXContainerItemProxy */ = {
			isa = PBXContainerItemProxy;
			containerPortal = 1D61E07B207B415C0039B32A /* Project object */;
			proxyType = 1;
			remoteGlobalIDString = 1D61E082207B415C0039B32A;
			remoteInfo = DYSwiftPrivatePodTestDemo;
		};
/* End PBXContainerItemProxy section */

/* Begin PBXFileReference section */
		1D61E083207B415C0039B32A /* DYSwiftPrivatePodTestDemo.app */ = {isa = PBXFileReference; explicitFileType = wrapper.application; includeInIndex = 0; path = DYSwiftPrivatePodTestDemo.app; sourceTree = BUILT_PRODUCTS_DIR; };
		1D61E086207B415C0039B32A /* AppDelegate.swift */ = {isa = PBXFileReference; lastKnownFileType = sourcecode.swift; path = AppDelegate.swift; sourceTree = "<group>"; };
		1D61E088207B415C0039B32A /* ViewController.swift */ = {isa = PBXFileReference; lastKnownFileType = sourcecode.swift; path = ViewController.swift; sourceTree = "<group>"; };
		1D61E08B207B415C0039B32A /* Base */ = {isa = PBXFileReference; lastKnownFileType = file.storyboard; name = Base; path = Base.lproj/Main.storyboard; sourceTree = "<group>"; };
		1D61E08D207B415D0039B32A /* Assets.xcassets */ = {isa = PBXFileReference; lastKnownFileType = folder.assetcatalog; path = Assets.xcassets; sourceTree = "<group>"; };
		1D61E090207B415D0039B32A /* Base */ = {isa = PBXFileReference; lastKnownFileType = file.storyboard; name = Base; path = Base.lproj/LaunchScreen.storyboard; sourceTree = "<group>"; };
		1D61E092207B415D0039B32A /* Info.plist */ = {isa = PBXFileReference; lastKnownFileType = text.plist.xml; path = Info.plist; sourceTree = "<group>"; };
		1D61E097207B415D0039B32A /* DYSwiftPrivatePodTestDemoTests.xctest */ = {isa = PBXFileReference; explicitFileType = wrapper.cfbundle; includeInIndex = 0; path = DYSwiftPrivatePodTestDemoTests.xctest; sourceTree = BUILT_PRODUCTS_DIR; };
		1D61E09B207B415D0039B32A /* DYSwiftPrivatePodTestDemoTests.swift */ = {isa = PBXFileReference; lastKnownFileType = sourcecode.swift; path = DYSwiftPrivatePodTestDemoTests.swift; sourceTree = "<group>"; };
		1D61E09D207B415D0039B32A /* Info.plist */ = {isa = PBXFileReference; lastKnownFileType = text.plist.xml; path = Info.plist; sourceTree = "<group>"; };
		1D61E0A7207B41810039B32A /* DYSwiftButton.swift */ = {isa = PBXFileReference; lastKnownFileType = sourcecode.swift; path = DYSwiftButton.swift; sourceTree = "<group>"; };
		1D61E0AA207B42690039B32A /* README.md */ = {isa = PBXFileReference; fileEncoding = 4; lastKnownFileType = net.daringfireball.markdown; path = README.md; sourceTree = "<group>"; };
		1D61E0AB207B42690039B32A /* DYSwiftPrivatePodTest.podspec */ = {isa = PBXFileReference; fileEncoding = 4; lastKnownFileType = text; path = DYSwiftPrivatePodTest.podspec; sourceTree = "<group>"; };
		1D61E0AC207B42690039B32A /* LICENSE */ = {isa = PBXFileReference; fileEncoding = 4; lastKnownFileType = text; path = LICENSE; sourceTree = "<group>"; };
/* End PBXFileReference section */

/* Begin PBXFrameworksBuildPhase section */
		1D61E080207B415C0039B32A /* Frameworks */ = {
			isa = PBXFrameworksBuildPhase;
			buildActionMask = 2147483647;
			files = (
			);
			runOnlyForDeploymentPostprocessing = 0;
		};
		1D61E094207B415D0039B32A /* Frameworks */ = {
			isa = PBXFrameworksBuildPhase;
			buildActionMask = 2147483647;
			files = (
			);
			runOnlyForDeploymentPostprocessing = 0;
		};
/* End PBXFrameworksBuildPhase section */

/* Begin PBXGroup section */
		1D61E07A207B415C0039B32A = {
			isa = PBXGroup;
			children = (
				1D61E0A9207B425C0039B32A /* metadata */,
				1D61E0A6207B41670039B32A /* DYSwiftPrivatePodTest */,
				1D61E085207B415C0039B32A /* DYSwiftPrivatePodTestDemo */,
				1D61E09A207B415D0039B32A /* DYSwiftPrivatePodTestDemoTests */,
				1D61E084207B415C0039B32A /* Products */,
			);
			sourceTree = "<group>";
		};
		1D61E084207B415C0039B32A /* Products */ = {
			isa = PBXGroup;
			children = (
				1D61E083207B415C0039B32A /* DYSwiftPrivatePodTestDemo.app */,
				1D61E097207B415D0039B32A /* DYSwiftPrivatePodTestDemoTests.xctest */,
			);
			name = Products;
			sourceTree = "<group>";
		};
		1D61E085207B415C0039B32A /* DYSwiftPrivatePodTestDemo */ = {
			isa = PBXGroup;
			children = (
				1D61E086207B415C0039B32A /* AppDelegate.swift */,
				1D61E088207B415C0039B32A /* ViewController.swift */,
				1D61E08A207B415C0039B32A /* Main.storyboard */,
				1D61E08D207B415D0039B32A /* Assets.xcassets */,
				1D61E08F207B415D0039B32A /* LaunchScreen.storyboard */,
				1D61E092207B415D0039B32A /* Info.plist */,
			);
			path = DYSwiftPrivatePodTestDemo;
			sourceTree = "<group>";
		};
		1D61E09A207B415D0039B32A /* DYSwiftPrivatePodTestDemoTests */ = {
			isa = PBXGroup;
			children = (
				1D61E09B207B415D0039B32A /* DYSwiftPrivatePodTestDemoTests.swift */,
				1D61E09D207B415D0039B32A /* Info.plist */,
			);
			path = DYSwiftPrivatePodTestDemoTests;
			sourceTree = "<group>";
		};
		1D61E0A6207B41670039B32A /* DYSwiftPrivatePodTest */ = {
			isa = PBXGroup;
			children = (
				1D61E0A7207B41810039B32A /* DYSwiftButton.swift */,
			);
			path = DYSwiftPrivatePodTest;
			sourceTree = "<group>";
		};
		1D61E0A9207B425C0039B32A /* metadata */ = {
			isa = PBXGroup;
			children = (
				1D61E0AB207B42690039B32A /* DYSwiftPrivatePodTest.podspec */,
				1D61E0AC207B42690039B32A /* LICENSE */,
				1D61E0AA207B42690039B32A /* README.md */,
			);
			name = metadata;
			sourceTree = "<group>";
		};
/* End PBXGroup section */

/* Begin PBXNativeTarget section */
		1D61E082207B415C0039B32A /* DYSwiftPrivatePodTestDemo */ = {
			isa = PBXNativeTarget;
			buildConfigurationList = 1D61E0A0207B415D0039B32A /* Build configuration list for PBXNativeTarget "DYSwiftPrivatePodTestDemo" */;
			buildPhases = (
				1D61E07F207B415C0039B32A /* Sources */,
				1D61E080207B415C0039B32A /* Frameworks */,
				1D61E081207B415C0039B32A /* Resources */,
			);
			buildRules = (
			);
			dependencies = (
			);
			name = DYSwiftPrivatePodTestDemo;
			productName = DYSwiftPrivatePodTestDemo;
			productReference = 1D61E083207B415C0039B32A /* DYSwiftPrivatePodTestDemo.app */;
			productType = "com.apple.product-type.application";
		};
		1D61E096207B415D0039B32A /* DYSwiftPrivatePodTestDemoTests */ = {
			isa = PBXNativeTarget;
			buildConfigurationList = 1D61E0A3207B415D0039B32A /* Build configuration list for PBXNativeTarget "DYSwiftPrivatePodTestDemoTests" */;
			buildPhases = (
				1D61E093207B415D0039B32A /* Sources */,
				1D61E094207B415D0039B32A /* Frameworks */,
				1D61E095207B415D0039B32A /* Resources */,
			);
			buildRules = (
			);
			dependencies = (
				1D61E099207B415D0039B32A /* PBXTargetDependency */,
			);
			name = DYSwiftPrivatePodTestDemoTests;
			productName = DYSwiftPrivatePodTestDemoTests;
			productReference = 1D61E097207B415D0039B32A /* DYSwiftPrivatePodTestDemoTests.xctest */;
			productType = "com.apple.product-type.bundle.unit-test";
		};
/* End PBXNativeTarget section */

/* Begin PBXProject section */
		1D61E07B207B415C0039B32A /* Project object */ = {
			isa = PBXProject;
			attributes = {
				LastSwiftUpdateCheck = 0930;
				LastUpgradeCheck = 0930;
				ORGANIZATIONNAME = Shaggon;
				TargetAttributes = {
					1D61E082207B415C0039B32A = {
						CreatedOnToolsVersion = 9.3;
					};
					1D61E096207B415D0039B32A = {
						CreatedOnToolsVersion = 9.3;
						TestTargetID = 1D61E082207B415C0039B32A;
					};
				};
			};
			buildConfigurationList = 1D61E07E207B415C0039B32A /* Build configuration list for PBXProject "DYSwiftPrivatePodTestDemo" */;
			compatibilityVersion = "Xcode 9.3";
			developmentRegion = en;
			hasScannedForEncodings = 0;
			knownRegions = (
				en,
				Base,
			);
			mainGroup = 1D61E07A207B415C0039B32A;
			productRefGroup = 1D61E084207B415C0039B32A /* Products */;
			projectDirPath = "";
			projectRoot = "";
			targets = (
				1D61E082207B415C0039B32A /* DYSwiftPrivatePodTestDemo */,
				1D61E096207B415D0039B32A /* DYSwiftPrivatePodTestDemoTests */,
			);
		};
/* End PBXProject section */

/* Begin PBXResourcesBuildPhase section */
		1D61E081207B415C0039B32A /* Resources */ = {
			isa = PBXResourcesBuildPhase;
			buildActionMask = 2147483647;
			files = (
				1D61E0AF207B42690039B32A /* LICENSE in Resources */,
				1D61E091207B415D0039B32A /* LaunchScreen.storyboard in Resources */,
				1D61E08E207B415D0039B32A /* Assets.xcassets in Resources */,
				1D61E0AD207B42690039B32A /* README.md in Resources */,
				1D61E08C207B415C0039B32A /* Main.storyboard in Resources */,
				1D61E0AE207B42690039B32A /* DYSwiftPrivatePodTest.podspec in Resources */,
			);
			runOnlyForDeploymentPostprocessing = 0;
		};
		1D61E095207B415D0039B32A /* Resources */ = {
			isa = PBXResourcesBuildPhase;
			buildActionMask = 2147483647;
			files = (
			);
			runOnlyForDeploymentPostprocessing = 0;
		};
/* End PBXResourcesBuildPhase section */

/* Begin PBXSourcesBuildPhase section */
		1D61E07F207B415C0039B32A /* Sources */ = {
			isa = PBXSourcesBuildPhase;
			buildActionMask = 2147483647;
			files = (
				1D61E089207B415C0039B32A /* ViewController.swift in Sources */,
				1D61E087207B415C0039B32A /* AppDelegate.swift in Sources */,
				1D61E0A8207B41810039B32A /* DYSwiftButton.swift in Sources */,
			);
			runOnlyForDeploymentPostprocessing = 0;
		};
		1D61E093207B415D0039B32A /* Sources */ = {
			isa = PBXSourcesBuildPhase;
			buildActionMask = 2147483647;
			files = (
				1D61E09C207B415D0039B32A /* DYSwiftPrivatePodTestDemoTests.swift in Sources */,
			);
			runOnlyForDeploymentPostprocessing = 0;
		};
/* End PBXSourcesBuildPhase section */

/* Begin PBXTargetDependency section */
		1D61E099207B415D0039B32A /* PBXTargetDependency */ = {
			isa = PBXTargetDependency;
			target = 1D61E082207B415C0039B32A /* DYSwiftPrivatePodTestDemo */;
			targetProxy = 1D61E098207B415D0039B32A /* PBXContainerItemProxy */;
		};
/* End PBXTargetDependency section */

/* Begin PBXVariantGroup section */
		1D61E08A207B415C0039B32A /* Main.storyboard */ = {
			isa = PBXVariantGroup;
			children = (
				1D61E08B207B415C0039B32A /* Base */,
			);
			name = Main.storyboard;
			sourceTree = "<group>";
		};
		1D61E08F207B415D0039B32A /* LaunchScreen.storyboard */ = {
			isa = PBXVariantGroup;
			children = (
				1D61E090207B415D0039B32A /* Base */,
			);
			name = LaunchScreen.storyboard;
			sourceTree = "<group>";
		};
/* End PBXVariantGroup section */

/* Begin XCBuildConfiguration section */
		1D61E09E207B415D0039B32A /* Debug */ = {
			isa = XCBuildConfiguration;
			buildSettings = {
				ALWAYS_SEARCH_USER_PATHS = NO;
				CLANG_ANALYZER_NONNULL = YES;
				CLANG_ANALYZER_NUMBER_OBJECT_CONVERSION = YES_AGGRESSIVE;
				CLANG_CXX_LANGUAGE_STANDARD = "gnu++14";
				CLANG_CXX_LIBRARY = "libc++";
				CLANG_ENABLE_MODULES = YES;
				CLANG_ENABLE_OBJC_ARC = YES;
				CLANG_ENABLE_OBJC_WEAK = YES;
				CLANG_WARN_BLOCK_CAPTURE_AUTORELEASING = YES;
				CLANG_WARN_BOOL_CONVERSION = YES;
				CLANG_WARN_COMMA = YES;
				CLANG_WARN_CONSTANT_CONVERSION = YES;
				CLANG_WARN_DEPRECATED_OBJC_IMPLEMENTATIONS = YES;
				CLANG_WARN_DIRECT_OBJC_ISA_USAGE = YES_ERROR;
				CLANG_WARN_DOCUMENTATION_COMMENTS = YES;
				CLANG_WARN_EMPTY_BODY = YES;
				CLANG_WARN_ENUM_CONVERSION = YES;
				CLANG_WARN_INFINITE_RECURSION = YES;
				CLANG_WARN_INT_CONVERSION = YES;
				CLANG_WARN_NON_LITERAL_NULL_CONVERSION = YES;
				CLANG_WARN_OBJC_IMPLICIT_RETAIN_SELF = YES;
				CLANG_WARN_OBJC_LITERAL_CONVERSION = YES;
				CLANG_WARN_OBJC_ROOT_CLASS = YES_ERROR;
				CLANG_WARN_RANGE_LOOP_ANALYSIS = YES;
				CLANG_WARN_STRICT_PROTOTYPES = YES;
				CLANG_WARN_SUSPICIOUS_MOVE = YES;
				CLANG_WARN_UNGUARDED_AVAILABILITY = YES_AGGRESSIVE;
				CLANG_WARN_UNREACHABLE_CODE = YES;
				CLANG_WARN__DUPLICATE_METHOD_MATCH = YES;
				CODE_SIGN_IDENTITY = "iPhone Developer";
				COPY_PHASE_STRIP = NO;
				DEBUG_INFORMATION_FORMAT = dwarf;
				ENABLE_STRICT_OBJC_MSGSEND = YES;
				ENABLE_TESTABILITY = YES;
				GCC_C_LANGUAGE_STANDARD = gnu11;
				GCC_DYNAMIC_NO_PIC = NO;
				GCC_NO_COMMON_BLOCKS = YES;
				GCC_OPTIMIZATION_LEVEL = 0;
				GCC_PREPROCESSOR_DEFINITIONS = (
					"DEBUG=1",
					"$(inherited)",
				);
				GCC_WARN_64_TO_32_BIT_CONVERSION = YES;
				GCC_WARN_ABOUT_RETURN_TYPE = YES_ERROR;
				GCC_WARN_UNDECLARED_SELECTOR = YES;
				GCC_WARN_UNINITIALIZED_AUTOS = YES_AGGRESSIVE;
				GCC_WARN_UNUSED_FUNCTION = YES;
				GCC_WARN_UNUSED_VARIABLE = YES;
				IPHONEOS_DEPLOYMENT_TARGET = 9.0;
				MTL_ENABLE_DEBUG_INFO = YES;
				ONLY_ACTIVE_ARCH = YES;
				SDKROOT = iphoneos;
				SWIFT_ACTIVE_COMPILATION_CONDITIONS = DEBUG;
				SWIFT_OPTIMIZATION_LEVEL = "-Onone";
			};
			name = Debug;
		};
		1D61E09F207B415D0039B32A /* Release */ = {
			isa = XCBuildConfiguration;
			buildSettings = {
				ALWAYS_SEARCH_USER_PATHS = NO;
				CLANG_ANALYZER_NONNULL = YES;
				CLANG_ANALYZER_NUMBER_OBJECT_CONVERSION = YES_AGGRESSIVE;
				CLANG_CXX_LANGUAGE_STANDARD = "gnu++14";
				CLANG_CXX_LIBRARY = "libc++";
				CLANG_ENABLE_MODULES = YES;
				CLANG_ENABLE_OBJC_ARC = YES;
				CLANG_ENABLE_OBJC_WEAK = YES;
				CLANG_WARN_BLOCK_CAPTURE_AUTORELEASING = YES;
				CLANG_WARN_BOOL_CONVERSION = YES;
				CLANG_WARN_COMMA = YES;
				CLANG_WARN_CONSTANT_CONVERSION = YES;
				CLANG_WARN_DEPRECATED_OBJC_IMPLEMENTATIONS = YES;
				CLANG_WARN_DIRECT_OBJC_ISA_USAGE = YES_ERROR;
				CLANG_WARN_DOCUMENTATION_COMMENTS = YES;
				CLANG_WARN_EMPTY_BODY = YES;
				CLANG_WARN_ENUM_CONVERSION = YES;
				CLANG_WARN_INFINITE_RECURSION = YES;
				CLANG_WARN_INT_CONVERSION = YES;
				CLANG_WARN_NON_LITERAL_NULL_CONVERSION = YES;
				CLANG_WARN_OBJC_IMPLICIT_RETAIN_SELF = YES;
				CLANG_WARN_OBJC_LITERAL_CONVERSION = YES;
				CLANG_WARN_OBJC_ROOT_CLASS = YES_ERROR;
				CLANG_WARN_RANGE_LOOP_ANALYSIS = YES;
				CLANG_WARN_STRICT_PROTOTYPES = YES;
				CLANG_WARN_SUSPICIOUS_MOVE = YES;
				CLANG_WARN_UNGUARDED_AVAILABILITY = YES_AGGRESSIVE;
				CLANG_WARN_UNREACHABLE_CODE = YES;
				CLANG_WARN__DUPLICATE_METHOD_MATCH = YES;
				CODE_SIGN_IDENTITY = "iPhone Developer";
				COPY_PHASE_STRIP = NO;
				DEBUG_INFORMATION_FORMAT = "dwarf-with-dsym";
				ENABLE_NS_ASSERTIONS = NO;
				ENABLE_STRICT_OBJC_MSGSEND = YES;
				GCC_C_LANGUAGE_STANDARD = gnu11;
				GCC_NO_COMMON_BLOCKS = YES;
				GCC_WARN_64_TO_32_BIT_CONVERSION = YES;
				GCC_WARN_ABOUT_RETURN_TYPE = YES_ERROR;
				GCC_WARN_UNDECLARED_SELECTOR = YES;
				GCC_WARN_UNINITIALIZED_AUTOS = YES_AGGRESSIVE;
				GCC_WARN_UNUSED_FUNCTION = YES;
				GCC_WARN_UNUSED_VARIABLE = YES;
				IPHONEOS_DEPLOYMENT_TARGET = 9.0;
				MTL_ENABLE_DEBUG_INFO = NO;
				SDKROOT = iphoneos;
				SWIFT_COMPILATION_MODE = wholemodule;
				SWIFT_OPTIMIZATION_LEVEL = "-O";
				VALIDATE_PRODUCT = YES;
			};
			name = Release;
		};
		1D61E0A1207B415D0039B32A /* Debug */ = {
			isa = XCBuildConfiguration;
			buildSettings = {
				ASSETCATALOG_COMPILER_APPICON_NAME = AppIcon;
				CODE_SIGN_STYLE = Automatic;
				INFOPLIST_FILE = DYSwiftPrivatePodTestDemo/Info.plist;
				LD_RUNPATH_SEARCH_PATHS = (
					"$(inherited)",
					"@executable_path/Frameworks",
				);
				PRODUCT_BUNDLE_IDENTIFIER = com.Shaggon.DYSwiftPrivatePodTestDemo;
				PRODUCT_NAME = "$(TARGET_NAME)";
				SWIFT_VERSION = 4.0;
				TARGETED_DEVICE_FAMILY = "1,2";
			};
			name = Debug;
		};
		1D61E0A2207B415D0039B32A /* Release */ = {
			isa = XCBuildConfiguration;
			buildSettings = {
				ASSETCATALOG_COMPILER_APPICON_NAME = AppIcon;
				CODE_SIGN_STYLE = Automatic;
				INFOPLIST_FILE = DYSwiftPrivatePodTestDemo/Info.plist;
				LD_RUNPATH_SEARCH_PATHS = (
					"$(inherited)",
					"@executable_path/Frameworks",
				);
				PRODUCT_BUNDLE_IDENTIFIER = com.Shaggon.DYSwiftPrivatePodTestDemo;
				PRODUCT_NAME = "$(TARGET_NAME)";
				SWIFT_VERSION = 4.0;
				TARGETED_DEVICE_FAMILY = "1,2";
			};
			name = Release;
		};
		1D61E0A4207B415D0039B32A /* Debug */ = {
			isa = XCBuildConfiguration;
			buildSettings = {
				ALWAYS_EMBED_SWIFT_STANDARD_LIBRARIES = YES;
				BUNDLE_LOADER = "$(TEST_HOST)";
				CODE_SIGN_STYLE = Automatic;
				INFOPLIST_FILE = DYSwiftPrivatePodTestDemoTests/Info.plist;
				LD_RUNPATH_SEARCH_PATHS = (
					"$(inherited)",
					"@executable_path/Frameworks",
					"@loader_path/Frameworks",
				);
				PRODUCT_BUNDLE_IDENTIFIER = com.Shaggon.DYSwiftPrivatePodTestDemoTests;
				PRODUCT_NAME = "$(TARGET_NAME)";
				SWIFT_VERSION = 4.0;
				TARGETED_DEVICE_FAMILY = "1,2";
				TEST_HOST = "$(BUILT_PRODUCTS_DIR)/DYSwiftPrivatePodTestDemo.app/DYSwiftPrivatePodTestDemo";
			};
			name = Debug;
		};
		1D61E0A5207B415D0039B32A /* Release */ = {
			isa = XCBuildConfiguration;
			buildSettings = {
				ALWAYS_EMBED_SWIFT_STANDARD_LIBRARIES = YES;
				BUNDLE_LOADER = "$(TEST_HOST)";
				CODE_SIGN_STYLE = Automatic;
				INFOPLIST_FILE = DYSwiftPrivatePodTestDemoTests/Info.plist;
				LD_RUNPATH_SEARCH_PATHS = (
					"$(inherited)",
					"@executable_path/Frameworks",
					"@loader_path/Frameworks",
				);
				PRODUCT_BUNDLE_IDENTIFIER = com.Shaggon.DYSwiftPrivatePodTestDemoTests;
				PRODUCT_NAME = "$(TARGET_NAME)";
				SWIFT_VERSION = 4.0;
				TARGETED_DEVICE_FAMILY = "1,2";
				TEST_HOST = "$(BUILT_PRODUCTS_DIR)/DYSwiftPrivatePodTestDemo.app/DYSwiftPrivatePodTestDemo";
			};
			name = Release;
		};
/* End XCBuildConfiguration section */

/* Begin XCConfigurationList section */
		1D61E07E207B415C0039B32A /* Build configuration list for PBXProject "DYSwiftPrivatePodTestDemo" */ = {
			isa = XCConfigurationList;
			buildConfigurations = (
				1D61E09E207B415D0039B32A /* Debug */,
				1D61E09F207B415D0039B32A /* Release */,
			);
			defaultConfigurationIsVisible = 0;
			defaultConfigurationName = Release;
		};
		1D61E0A0207B415D0039B32A /* Build configuration list for PBXNativeTarget "DYSwiftPrivatePodTestDemo" */ = {
			isa = XCConfigurationList;
			buildConfigurations = (
				1D61E0A1207B415D0039B32A /* Debug */,
				1D61E0A2207B415D0039B32A /* Release */,
			);
			defaultConfigurationIsVisible = 0;
			defaultConfigurationName = Release;
		};
		1D61E0A3207B415D0039B32A /* Build configuration list for PBXNativeTarget "DYSwiftPrivatePodTestDemoTests" */ = {
			isa = XCConfigurationList;
			buildConfigurations = (
				1D61E0A4207B415D0039B32A /* Debug */,
				1D61E0A5207B415D0039B32A /* Release */,
			);
			defaultConfigurationIsVisible = 0;
			defaultConfigurationName = Release;
		};
/* End XCConfigurationList section */
	};
	rootObject = 1D61E07B207B415C0039B32A /* Project object */;
}
